
Microsoft Visual Studio Solution File, Format Version 12.00
# Visual Studio Version 17
VisualStudioVersion = 17.8.34322.80
MinimumVisualStudioVersion = 10.0.40219.1
Project("{FAE04EC0-301F-11D3-BF4B-00C04F79EFBC}") = "DAL", "DAL.csproj", "{CAB204CB-6CC4-40C3-9A5E-1A98E4BD2EBE}"
EndProject
Global
	GlobalSection(SolutionConfigurationPlatforms) = preSolution
		Debug|Any CPU = Debug|Any CPU
		Release|Any CPU = Release|Any CPU
	EndGlobalSection
	GlobalSection(ProjectConfigurationPlatforms) = postSolution
		{CAB204CB-6CC4-40C3-9A5E-1A98E4BD2EBE}.Debug|Any CPU.ActiveCfg = Debug|Any CPU
		{CAB204CB-6CC4-40C3-9A5E-1A98E4BD2EBE}.Debug|Any CPU.Build.0 = Debug|Any CPU
		{CAB204CB-6CC4-40C3-9A5E-1A98E4BD2EBE}.Release|Any CPU.ActiveCfg = Release|Any CPU
		{CAB204CB-6CC4-40C3-9A5E-1A98E4BD2EBE}.Release|Any CPU.Build.0 = Release|Any CPU
	EndGlobalSection
	GlobalSection(SolutionProperties) = preSolution
		HideSolutionNode = FALSE
	EndGlobalSection
	GlobalSection(ExtensibilityGlobals) = postSolution
		SolutionGuid = {BBC198A1-5856-4805-B41E-C62B86614201}
	EndGlobalSection
EndGlobal
