
Microsoft Visual Studio Solution File, Format Version 12.00
# Visual Studio Version 17
VisualStudioVersion = 17.8.34322.80
MinimumVisualStudioVersion = 10.0.40219.1
Project("{2150E333-8FDC-42A3-9474-1A3956D46DE8}") = "Catalog", "Catalog", "{7AC116FA-B392-4380-AA70-0BFB63DCCC5F}"
EndProject
Project("{FAE04EC0-301F-11D3-BF4B-00C04F79EFBC}") = "DAL", "DAL\DAL.csproj", "{1E712C3C-0273-42A4-A197-5ABB0105CFB2}"
EndProject
Project("{FAE04EC0-301F-11D3-BF4B-00C04F79EFBC}") = "DAL.Tests", "DAL.Tests\DAL.Tests.csproj", "{6F334B87-264F-4C07-8AFB-98B8B05FA1FF}"
EndProject
Global
	GlobalSection(SolutionConfigurationPlatforms) = preSolution
		Debug|Any CPU = Debug|Any CPU
		Release|Any CPU = Release|Any CPU
	EndGlobalSection
	GlobalSection(ProjectConfigurationPlatforms) = postSolution
		{1E712C3C-0273-42A4-A197-5ABB0105CFB2}.Debug|Any CPU.ActiveCfg = Debug|Any CPU
		{1E712C3C-0273-42A4-A197-5ABB0105CFB2}.Debug|Any CPU.Build.0 = Debug|Any CPU
		{1E712C3C-0273-42A4-A197-5ABB0105CFB2}.Release|Any CPU.ActiveCfg = Release|Any CPU
		{1E712C3C-0273-42A4-A197-5ABB0105CFB2}.Release|Any CPU.Build.0 = Release|Any CPU
		{6F334B87-264F-4C07-8AFB-98B8B05FA1FF}.Debug|Any CPU.ActiveCfg = Debug|Any CPU
		{6F334B87-264F-4C07-8AFB-98B8B05FA1FF}.Debug|Any CPU.Build.0 = Debug|Any CPU
		{6F334B87-264F-4C07-8AFB-98B8B05FA1FF}.Release|Any CPU.ActiveCfg = Release|Any CPU
		{6F334B87-264F-4C07-8AFB-98B8B05FA1FF}.Release|Any CPU.Build.0 = Release|Any CPU
	EndGlobalSection
	GlobalSection(SolutionProperties) = preSolution
		HideSolutionNode = FALSE
	EndGlobalSection
	GlobalSection(NestedProjects) = preSolution
		{1E712C3C-0273-42A4-A197-5ABB0105CFB2} = {7AC116FA-B392-4380-AA70-0BFB63DCCC5F}
	EndGlobalSection
	GlobalSection(ExtensibilityGlobals) = postSolution
		SolutionGuid = {EC747798-A686-4F4E-98B9-FFEB7FD5B53D}
	EndGlobalSection
EndGlobal
